
Microsoft Visual Studio Solution File, Format Version 12.00
# Visual Studio Version 16
VisualStudioVersion = 16.0.32602.291
MinimumVisualStudioVersion = 10.0.40219.1
Project("{FAE04EC0-301F-11D3-BF4B-00C04F79EFBC}") = "WebAPI2", "WebAPI2\WebAPI2.csproj", "{20ED9810-3918-46CD-84B2-09E715CD9CCD}"
EndProject
Global
	GlobalSection(SolutionConfigurationPlatforms) = preSolution
		Debug|Any CPU = Debug|Any CPU
		Release|Any CPU = Release|Any CPU
	EndGlobalSection
	GlobalSection(ProjectConfigurationPlatforms) = postSolution
		{20ED9810-3918-46CD-84B2-09E715CD9CCD}.Debug|Any CPU.ActiveCfg = Debug|Any CPU
		{20ED9810-3918-46CD-84B2-09E715CD9CCD}.Debug|Any CPU.Build.0 = Debug|Any CPU
		{20ED9810-3918-46CD-84B2-09E715CD9CCD}.Release|Any CPU.ActiveCfg = Release|Any CPU
		{20ED9810-3918-46CD-84B2-09E715CD9CCD}.Release|Any CPU.Build.0 = Release|Any CPU
	EndGlobalSection
	GlobalSection(SolutionProperties) = preSolution
		HideSolutionNode = FALSE
	EndGlobalSection
	GlobalSection(ExtensibilityGlobals) = postSolution
		SolutionGuid = {111DB674-D9D4-4685-BA0A-3204EB16DD57}
	EndGlobalSection
EndGlobal
